
Microsoft Visual Studio Solution File, Format Version 12.00
# Visual Studio 15
VisualStudioVersion = 15.0.28307.421
MinimumVisualStudioVersion = 10.0.40219.1
Project("{9A19103F-16F7-4668-BE54-9A1E7A4F7556}") = "MdNotes.Tests", "MdNotes.Tests\MdNotes.Tests.csproj", "{EB51C023-D070-47C9-855B-4061F31D0510}"
EndProject
Global
	GlobalSection(SolutionConfigurationPlatforms) = preSolution
		Debug|Any CPU = Debug|Any CPU
		Release|Any CPU = Release|Any CPU
	EndGlobalSection
	GlobalSection(ProjectConfigurationPlatforms) = postSolution
		{EB51C023-D070-47C9-855B-4061F31D0510}.Debug|Any CPU.ActiveCfg = Debug|Any CPU
		{EB51C023-D070-47C9-855B-4061F31D0510}.Debug|Any CPU.Build.0 = Debug|Any CPU
		{EB51C023-D070-47C9-855B-4061F31D0510}.Release|Any CPU.ActiveCfg = Release|Any CPU
		{EB51C023-D070-47C9-855B-4061F31D0510}.Release|Any CPU.Build.0 = Release|Any CPU
	EndGlobalSection
	GlobalSection(SolutionProperties) = preSolution
		HideSolutionNode = FALSE
	EndGlobalSection
	GlobalSection(ExtensibilityGlobals) = postSolution
		SolutionGuid = {3E938160-74FA-4D07-B439-6D33455BDB49}
	EndGlobalSection
EndGlobal
